// !$*UTF8*$!
{
	archiveVersion = 1;
	classes = {
	};
	objectVersion = 50;
	objects = {

/* Begin PBXBuildFile section */
		F7199503239BE8A0009314C3 /* libfreetype.a in Frameworks */ = {isa = PBXBuildFile; fileRef = F71994FD239BE4CD009314C3 /* libfreetype.a */; };
		F7199506239BEB11009314C3 /* imgui_impl_glfw.cpp in Sources */ = {isa = PBXBuildFile; fileRef = F7199505239BEB11009314C3 /* imgui_impl_glfw.cpp */; };
		F719950A239BEB90009314C3 /* imgui_impl_opengl3.cpp in Sources */ = {isa = PBXBuildFile; fileRef = F7199509239BEB90009314C3 /* imgui_impl_opengl3.cpp */; };
		F7199511239BF58D009314C3 /* ZSandbox.cpp in Sources */ = {isa = PBXBuildFile; fileRef = F7199510239BF58D009314C3 /* ZSandbox.cpp */; };
		F7199516239CE382009314C3 /* ZShaderGL.cpp in Sources */ = {isa = PBXBuildFile; fileRef = F7199515239CE382009314C3 /* ZShaderGL.cpp */; };
		F719951D239D0EDF009314C3 /* ZFileLoader.cpp in Sources */ = {isa = PBXBuildFile; fileRef = F719951C239D0EDF009314C3 /* ZFileLoader.cpp */; };
		F72C96AA2436070A00146D4C /* ZMath.cpp in Sources */ = {isa = PBXBuildFile; fileRef = F72C96A92436070A00146D4C /* ZMath.cpp */; };
		F743EE842396E3EF0025492C /* main.cpp in Sources */ = {isa = PBXBuildFile; fileRef = F743EE832396E3EF0025492C /* main.cpp */; };
		F743F2602396E4DF0025492C /* OpenGL.framework in Frameworks */ = {isa = PBXBuildFile; fileRef = F743F25F2396E4DF0025492C /* OpenGL.framework */; };
		F743F2642396E9DB0025492C /* glad.c in Sources */ = {isa = PBXBuildFile; fileRef = F743F2632396E9DB0025492C /* glad.c */; };
		F743F26B2396ED750025492C /* libglfw3.a in Frameworks */ = {isa = PBXBuildFile; fileRef = F743F2612396E7C00025492C /* libglfw3.a */; };
		F743F26C2396EFFC0025492C /* Cocoa.framework in Frameworks */ = {isa = PBXBuildFile; fileRef = F743F2652396ED0A0025492C /* Cocoa.framework */; };
		F743F26D2396F0130025492C /* IOKit.framework in Frameworks */ = {isa = PBXBuildFile; fileRef = F743F2692396ED320025492C /* IOKit.framework */; };
		F743F26E2396F0530025492C /* CoreVideo.framework in Frameworks */ = {isa = PBXBuildFile; fileRef = F743F2672396ED1B0025492C /* CoreVideo.framework */; };
		F743F356239BDF770025492C /* imgui_freetype.cpp in Sources */ = {isa = PBXBuildFile; fileRef = F743F273239BDF760025492C /* imgui_freetype.cpp */; };
		F743F357239BDF770025492C /* imgui_stdlib.cpp in Sources */ = {isa = PBXBuildFile; fileRef = F743F27B239BDF760025492C /* imgui_stdlib.cpp */; };
		F743F359239BDF770025492C /* imgui_widgets.cpp in Sources */ = {isa = PBXBuildFile; fileRef = F743F288239BDF760025492C /* imgui_widgets.cpp */; };
		F743F35A239BDF770025492C /* imgui.cpp in Sources */ = {isa = PBXBuildFile; fileRef = F743F291239BDF760025492C /* imgui.cpp */; };
		F743F38D239BDF770025492C /* imgui_demo.cpp in Sources */ = {isa = PBXBuildFile; fileRef = F743F34B239BDF770025492C /* imgui_demo.cpp */; };
		F743F38E239BDF770025492C /* imgui_draw.cpp in Sources */ = {isa = PBXBuildFile; fileRef = F743F34C239BDF770025492C /* imgui_draw.cpp */; };
		F7E0135723A6761B0097F25C /* main.cpp in Sources */ = {isa = PBXBuildFile; fileRef = F7E0135623A6761B0097F25C /* main.cpp */; };
		F7E0135F23A676B60097F25C /* libgmock_main.a in Frameworks */ = {isa = PBXBuildFile; fileRef = F7E0135B23A676A00097F25C /* libgmock_main.a */; };
		F7E0136023A676B60097F25C /* libgmock.a in Frameworks */ = {isa = PBXBuildFile; fileRef = F7E0135E23A676A00097F25C /* libgmock.a */; };
		F7E0136123A676B60097F25C /* libgtest_main.a in Frameworks */ = {isa = PBXBuildFile; fileRef = F7E0135C23A676A00097F25C /* libgtest_main.a */; };
		F7E0136223A676B60097F25C /* libgtest.a in Frameworks */ = {isa = PBXBuildFile; fileRef = F7E0135D23A676A00097F25C /* libgtest.a */; };
/* End PBXBuildFile section */

/* Begin PBXCopyFilesBuildPhase section */
		F743EE7E2396E3EF0025492C /* Copy Files */ = {
			isa = PBXCopyFilesBuildPhase;
			buildActionMask = 2147483647;
			dstPath = /usr/share/man/man1/;
			dstSubfolderSpec = 0;
			files = (
			);
			name = "Copy Files";
			runOnlyForDeploymentPostprocessing = 1;
		};
		F7E0135223A6761B0097F25C /* CopyFiles */ = {
			isa = PBXCopyFilesBuildPhase;
			buildActionMask = 2147483647;
			dstPath = /usr/share/man/man1/;
			dstSubfolderSpec = 0;
			files = (
			);
			runOnlyForDeploymentPostprocessing = 1;
		};
/* End PBXCopyFilesBuildPhase section */

/* Begin PBXFileReference section */
		F71994FD239BE4CD009314C3 /* libfreetype.a */ = {isa = PBXFileReference; lastKnownFileType = archive.ar; name = libfreetype.a; path = ../../libfreetype.a; sourceTree = "<group>"; };
		F71994FF239BE85A009314C3 /* libfreetype.dylib */ = {isa = PBXFileReference; lastKnownFileType = "compiled.mach-o.dylib"; name = libfreetype.dylib; path = ../../libfreetype.dylib; sourceTree = "<group>"; };
		F7199504239BEA23009314C3 /* Zen.entitlements */ = {isa = PBXFileReference; lastKnownFileType = text.plist.entitlements; path = Zen.entitlements; sourceTree = "<group>"; };
		F7199505239BEB11009314C3 /* imgui_impl_glfw.cpp */ = {isa = PBXFileReference; fileEncoding = 4; lastKnownFileType = sourcecode.cpp.cpp; name = imgui_impl_glfw.cpp; path = examples/imgui_impl_glfw.cpp; sourceTree = "<group>"; };
		F7199507239BEB19009314C3 /* imgui_impl_glfw.h */ = {isa = PBXFileReference; fileEncoding = 4; lastKnownFileType = sourcecode.c.h; name = imgui_impl_glfw.h; path = examples/imgui_impl_glfw.h; sourceTree = "<group>"; };
		F7199508239BEB88009314C3 /* imgui_impl_opengl3.h */ = {isa = PBXFileReference; fileEncoding = 4; lastKnownFileType = sourcecode.c.h; name = imgui_impl_opengl3.h; path = examples/imgui_impl_opengl3.h; sourceTree = "<group>"; };
		F7199509239BEB90009314C3 /* imgui_impl_opengl3.cpp */ = {isa = PBXFileReference; fileEncoding = 4; lastKnownFileType = sourcecode.cpp.cpp; name = imgui_impl_opengl3.cpp; path = examples/imgui_impl_opengl3.cpp; sourceTree = "<group>"; };
		F719950C239BF29C009314C3 /* ISandbox.h */ = {isa = PBXFileReference; lastKnownFileType = sourcecode.c.h; path = ISandbox.h; sourceTree = "<group>"; };
		F719950E239BF351009314C3 /* zen_example_triangle.h */ = {isa = PBXFileReference; lastKnownFileType = sourcecode.c.h; path = zen_example_triangle.h; sourceTree = "<group>"; };
		F719950F239BF47E009314C3 /* ZSandbox.h */ = {isa = PBXFileReference; lastKnownFileType = sourcecode.c.h; path = ZSandbox.h; sourceTree = "<group>"; };
		F7199510239BF58D009314C3 /* ZSandbox.cpp */ = {isa = PBXFileReference; lastKnownFileType = sourcecode.cpp.cpp; path = ZSandbox.cpp; sourceTree = "<group>"; };
		F7199512239C0919009314C3 /* zen_example_color.h */ = {isa = PBXFileReference; lastKnownFileType = sourcecode.c.h; path = zen_example_color.h; sourceTree = "<group>"; };
		F7199514239CE312009314C3 /* ZShaderGL.h */ = {isa = PBXFileReference; lastKnownFileType = sourcecode.c.h; path = ZShaderGL.h; sourceTree = "<group>"; };
		F7199515239CE382009314C3 /* ZShaderGL.cpp */ = {isa = PBXFileReference; lastKnownFileType = sourcecode.cpp.cpp; path = ZShaderGL.cpp; sourceTree = "<group>"; };
		F7199518239CE4E6009314C3 /* ZType.h */ = {isa = PBXFileReference; lastKnownFileType = sourcecode.c.h; path = ZType.h; sourceTree = "<group>"; };
		F7199519239CE538009314C3 /* ZDebug.h */ = {isa = PBXFileReference; lastKnownFileType = sourcecode.c.h; path = ZDebug.h; sourceTree = "<group>"; };
		F719951B239D0E79009314C3 /* ZFileLoader.h */ = {isa = PBXFileReference; lastKnownFileType = sourcecode.c.h; path = ZFileLoader.h; sourceTree = "<group>"; };
		F719951C239D0EDF009314C3 /* ZFileLoader.cpp */ = {isa = PBXFileReference; lastKnownFileType = sourcecode.cpp.cpp; path = ZFileLoader.cpp; sourceTree = "<group>"; };
		F7199520239D0FB5009314C3 /* triangle.vert */ = {isa = PBXFileReference; lastKnownFileType = sourcecode.glsl; path = triangle.vert; sourceTree = "<group>"; };
		F7199521239D0FC2009314C3 /* triangle.frag */ = {isa = PBXFileReference; lastKnownFileType = sourcecode.glsl; path = triangle.frag; sourceTree = "<group>"; };
		F7199528239D2E3A009314C3 /* zen_example_color_interpolation.h */ = {isa = PBXFileReference; lastKnownFileType = sourcecode.c.h; path = zen_example_color_interpolation.h; sourceTree = "<group>"; };
		F7199529239D2FAD009314C3 /* triangle.vert */ = {isa = PBXFileReference; lastKnownFileType = sourcecode.glsl; path = triangle.vert; sourceTree = "<group>"; };
		F719952A239D2FBC009314C3 /* triangle.frag */ = {isa = PBXFileReference; lastKnownFileType = sourcecode.glsl; path = triangle.frag; sourceTree = "<group>"; };
		F719953623A66C9A009314C3 /* ZMath.h */ = {isa = PBXFileReference; lastKnownFileType = sourcecode.c.h; path = ZMath.h; sourceTree = "<group>"; };
		F72C969F2435E65600146D4C /* zen_example_transform.h */ = {isa = PBXFileReference; lastKnownFileType = sourcecode.c.h; path = zen_example_transform.h; sourceTree = "<group>"; };
		F72C96A12435E65600146D4C /* translation.vert */ = {isa = PBXFileReference; lastKnownFileType = sourcecode.glsl; path = translation.vert; sourceTree = "<group>"; };
		F72C96A22435E65600146D4C /* translation.frag */ = {isa = PBXFileReference; lastKnownFileType = sourcecode.glsl; path = translation.frag; sourceTree = "<group>"; };
		F72C96A52435E6F500146D4C /* zen_example_projection.h */ = {isa = PBXFileReference; lastKnownFileType = sourcecode.c.h; path = zen_example_projection.h; sourceTree = "<group>"; };
		F72C96A62435E72100146D4C /* projection.vert */ = {isa = PBXFileReference; lastKnownFileType = sourcecode.glsl; path = projection.vert; sourceTree = "<group>"; };
		F72C96A72435E72F00146D4C /* projection.frag */ = {isa = PBXFileReference; lastKnownFileType = sourcecode.glsl; path = projection.frag; sourceTree = "<group>"; };
		F72C96A92436070A00146D4C /* ZMath.cpp */ = {isa = PBXFileReference; lastKnownFileType = sourcecode.cpp.cpp; path = ZMath.cpp; sourceTree = "<group>"; };
		F72C96AD2436452A00146D4C /* zen_example_camera.h */ = {isa = PBXFileReference; lastKnownFileType = sourcecode.c.h; path = zen_example_camera.h; sourceTree = "<group>"; };
		F72C96AE2436454900146D4C /* camera.vert */ = {isa = PBXFileReference; lastKnownFileType = sourcecode.glsl; path = camera.vert; sourceTree = "<group>"; };
		F72C96AF2436455A00146D4C /* camera.frag */ = {isa = PBXFileReference; lastKnownFileType = sourcecode.glsl; path = camera.frag; sourceTree = "<group>"; };
		F73245A5256D203A00887E29 /* ZGL_Types.h */ = {isa = PBXFileReference; lastKnownFileType = sourcecode.c.h; path = ZGL_Types.h; sourceTree = "<group>"; };
		F73245A6256D49EF00887E29 /* ZMath_types.h */ = {isa = PBXFileReference; lastKnownFileType = sourcecode.c.h; path = ZMath_types.h; sourceTree = "<group>"; };
		F738A82F249BB92400F7A972 /* ZSort.h */ = {isa = PBXFileReference; lastKnownFileType = sourcecode.c.h; path = ZSort.h; sourceTree = "<group>"; };
		F738A832249BBB0E00F7A972 /* ZTestAlgo.h */ = {isa = PBXFileReference; lastKnownFileType = sourcecode.c.h; path = ZTestAlgo.h; sourceTree = "<group>"; };
		F743EE802396E3EF0025492C /* Zen */ = {isa = PBXFileReference; explicitFileType = "compiled.mach-o.executable"; includeInIndex = 0; path = Zen; sourceTree = BUILT_PRODUCTS_DIR; };
		F743EE832396E3EF0025492C /* main.cpp */ = {isa = PBXFileReference; lastKnownFileType = sourcecode.cpp.cpp; path = main.cpp; sourceTree = "<group>"; };
		F743F25F2396E4DF0025492C /* OpenGL.framework */ = {isa = PBXFileReference; lastKnownFileType = wrapper.framework; name = OpenGL.framework; path = System/Library/Frameworks/OpenGL.framework; sourceTree = SDKROOT; };
		F743F2612396E7C00025492C /* libglfw3.a */ = {isa = PBXFileReference; lastKnownFileType = archive.ar; name = libglfw3.a; path = ../../../libglfw3.a; sourceTree = "<group>"; };
		F743F2632396E9DB0025492C /* glad.c */ = {isa = PBXFileReference; fileEncoding = 4; lastKnownFileType = sourcecode.c.c; name = glad.c; path = External/glad/src/glad.c; sourceTree = "<group>"; };
		F743F2652396ED0A0025492C /* Cocoa.framework */ = {isa = PBXFileReference; lastKnownFileType = wrapper.framework; name = Cocoa.framework; path = System/Library/Frameworks/Cocoa.framework; sourceTree = SDKROOT; };
		F743F2672396ED1B0025492C /* CoreVideo.framework */ = {isa = PBXFileReference; lastKnownFileType = wrapper.framework; name = CoreVideo.framework; path = System/Library/Frameworks/CoreVideo.framework; sourceTree = SDKROOT; };
		F743F2692396ED320025492C /* IOKit.framework */ = {isa = PBXFileReference; lastKnownFileType = wrapper.framework; name = IOKit.framework; path = System/Library/Frameworks/IOKit.framework; sourceTree = SDKROOT; };
		F743F272239BDF760025492C /* imgui_freetype.h */ = {isa = PBXFileReference; fileEncoding = 4; lastKnownFileType = sourcecode.c.h; path = imgui_freetype.h; sourceTree = "<group>"; };
		F743F273239BDF760025492C /* imgui_freetype.cpp */ = {isa = PBXFileReference; fileEncoding = 4; lastKnownFileType = sourcecode.cpp.cpp; path = imgui_freetype.cpp; sourceTree = "<group>"; };
		F743F274239BDF760025492C /* README.md */ = {isa = PBXFileReference; fileEncoding = 4; lastKnownFileType = net.daringfireball.markdown; path = README.md; sourceTree = "<group>"; };
		F743F276239BDF760025492C /* README.txt */ = {isa = PBXFileReference; fileEncoding = 4; lastKnownFileType = text; path = README.txt; sourceTree = "<group>"; };
		F743F277239BDF760025492C /* imgui.natvis */ = {isa = PBXFileReference; fileEncoding = 4; lastKnownFileType = text.xml; path = imgui.natvis; sourceTree = "<group>"; };
		F743F279239BDF760025492C /* imgui_stdlib.h */ = {isa = PBXFileReference; fileEncoding = 4; lastKnownFileType = sourcecode.c.h; path = imgui_stdlib.h; sourceTree = "<group>"; };
		F743F27A239BDF760025492C /* README.txt */ = {isa = PBXFileReference; fileEncoding = 4; lastKnownFileType = text; path = README.txt; sourceTree = "<group>"; };
		F743F27B239BDF760025492C /* imgui_stdlib.cpp */ = {isa = PBXFileReference; fileEncoding = 4; lastKnownFileType = sourcecode.cpp.cpp; path = imgui_stdlib.cpp; sourceTree = "<group>"; };
		F743F27C239BDF760025492C /* README.txt */ = {isa = PBXFileReference; fileEncoding = 4; lastKnownFileType = text; path = README.txt; sourceTree = "<group>"; };
		F743F27E239BDF760025492C /* Roboto-Medium.ttf */ = {isa = PBXFileReference; lastKnownFileType = file; path = "Roboto-Medium.ttf"; sourceTree = "<group>"; };
		F743F27F239BDF760025492C /* DroidSans.ttf */ = {isa = PBXFileReference; lastKnownFileType = file; path = DroidSans.ttf; sourceTree = "<group>"; };
		F743F280239BDF760025492C /* ProggyTiny.ttf */ = {isa = PBXFileReference; lastKnownFileType = file; path = ProggyTiny.ttf; sourceTree = "<group>"; };
		F743F281239BDF760025492C /* ProggyClean.ttf */ = {isa = PBXFileReference; lastKnownFileType = file; path = ProggyClean.ttf; sourceTree = "<group>"; };
		F743F282239BDF760025492C /* Cousine-Regular.ttf */ = {isa = PBXFileReference; lastKnownFileType = file; path = "Cousine-Regular.ttf"; sourceTree = "<group>"; };
		F743F283239BDF760025492C /* Karla-Regular.ttf */ = {isa = PBXFileReference; lastKnownFileType = file; path = "Karla-Regular.ttf"; sourceTree = "<group>"; };
		F743F284239BDF760025492C /* binary_to_compressed_c.cpp */ = {isa = PBXFileReference; fileEncoding = 4; lastKnownFileType = sourcecode.cpp.cpp; path = binary_to_compressed_c.cpp; sourceTree = "<group>"; };
		F743F285239BDF760025492C /* imgui.h */ = {isa = PBXFileReference; fileEncoding = 4; lastKnownFileType = sourcecode.c.h; path = imgui.h; sourceTree = "<group>"; };
		F743F286239BDF760025492C /* imstb_textedit.h */ = {isa = PBXFileReference; fileEncoding = 4; lastKnownFileType = sourcecode.c.h; path = imstb_textedit.h; sourceTree = "<group>"; };
		F743F287239BDF760025492C /* imconfig.h */ = {isa = PBXFileReference; fileEncoding = 4; lastKnownFileType = sourcecode.c.h; path = imconfig.h; sourceTree = "<group>"; };
		F743F288239BDF760025492C /* imgui_widgets.cpp */ = {isa = PBXFileReference; fileEncoding = 4; lastKnownFileType = sourcecode.cpp.cpp; path = imgui_widgets.cpp; sourceTree = "<group>"; };
		F743F289239BDF760025492C /* imstb_truetype.h */ = {isa = PBXFileReference; fileEncoding = 4; lastKnownFileType = sourcecode.c.h; path = imstb_truetype.h; sourceTree = "<group>"; };
		F743F28B239BDF760025492C /* TODO.txt */ = {isa = PBXFileReference; fileEncoding = 4; lastKnownFileType = text; path = TODO.txt; sourceTree = "<group>"; };
		F743F28C239BDF760025492C /* FAQ.md */ = {isa = PBXFileReference; fileEncoding = 4; lastKnownFileType = net.daringfireball.markdown; path = FAQ.md; sourceTree = "<group>"; };
		F743F28D239BDF760025492C /* README.md */ = {isa = PBXFileReference; fileEncoding = 4; lastKnownFileType = net.daringfireball.markdown; path = README.md; sourceTree = "<group>"; };
		F743F28E239BDF760025492C /* CHANGELOG.txt */ = {isa = PBXFileReference; fileEncoding = 4; lastKnownFileType = text; path = CHANGELOG.txt; sourceTree = "<group>"; };
		F743F28F239BDF760025492C /* FONTS.txt */ = {isa = PBXFileReference; fileEncoding = 4; lastKnownFileType = text; path = FONTS.txt; sourceTree = "<group>"; };
		F743F290239BDF760025492C /* .editorconfig */ = {isa = PBXFileReference; fileEncoding = 4; lastKnownFileType = text; path = .editorconfig; sourceTree = "<group>"; };
		F743F291239BDF760025492C /* imgui.cpp */ = {isa = PBXFileReference; fileEncoding = 4; lastKnownFileType = sourcecode.cpp.cpp; path = imgui.cpp; sourceTree = "<group>"; };
		F743F342239BDF770025492C /* imgui_internal.h */ = {isa = PBXFileReference; fileEncoding = 4; lastKnownFileType = sourcecode.c.h; path = imgui_internal.h; sourceTree = "<group>"; };
		F743F345239BDF770025492C /* build.yml */ = {isa = PBXFileReference; fileEncoding = 4; lastKnownFileType = text.yaml; path = build.yml; sourceTree = "<group>"; };
		F743F346239BDF770025492C /* pull_request_template.md */ = {isa = PBXFileReference; fileEncoding = 4; lastKnownFileType = net.daringfireball.markdown; path = pull_request_template.md; sourceTree = "<group>"; };
		F743F347239BDF770025492C /* issue_template.md */ = {isa = PBXFileReference; fileEncoding = 4; lastKnownFileType = net.daringfireball.markdown; path = issue_template.md; sourceTree = "<group>"; };
		F743F348239BDF770025492C /* .gitattributes */ = {isa = PBXFileReference; fileEncoding = 4; lastKnownFileType = text; path = .gitattributes; sourceTree = "<group>"; };
		F743F349239BDF770025492C /* imstb_rectpack.h */ = {isa = PBXFileReference; fileEncoding = 4; lastKnownFileType = sourcecode.c.h; path = imstb_rectpack.h; sourceTree = "<group>"; };
		F743F34A239BDF770025492C /* LICENSE.txt */ = {isa = PBXFileReference; fileEncoding = 4; lastKnownFileType = text; path = LICENSE.txt; sourceTree = "<group>"; };
		F743F34B239BDF770025492C /* imgui_demo.cpp */ = {isa = PBXFileReference; fileEncoding = 4; lastKnownFileType = sourcecode.cpp.cpp; path = imgui_demo.cpp; sourceTree = "<group>"; };
		F743F34C239BDF770025492C /* imgui_draw.cpp */ = {isa = PBXFileReference; fileEncoding = 4; lastKnownFileType = sourcecode.cpp.cpp; path = imgui_draw.cpp; sourceTree = "<group>"; };
		F78988C1249F41CB0032F6C6 /* ZSearch.h */ = {isa = PBXFileReference; lastKnownFileType = sourcecode.c.h; path = ZSearch.h; sourceTree = "<group>"; };
		F7E0135423A6761B0097F25C /* ZenTest */ = {isa = PBXFileReference; explicitFileType = "compiled.mach-o.executable"; includeInIndex = 0; path = ZenTest; sourceTree = BUILT_PRODUCTS_DIR; };
		F7E0135623A6761B0097F25C /* main.cpp */ = {isa = PBXFileReference; lastKnownFileType = sourcecode.cpp.cpp; path = main.cpp; sourceTree = "<group>"; };
		F7E0135B23A676A00097F25C /* libgmock_main.a */ = {isa = PBXFileReference; lastKnownFileType = archive.ar; name = libgmock_main.a; path = External/googletest/mybuild/lib/libgmock_main.a; sourceTree = "<group>"; };
		F7E0135C23A676A00097F25C /* libgtest_main.a */ = {isa = PBXFileReference; lastKnownFileType = archive.ar; name = libgtest_main.a; path = External/googletest/mybuild/lib/libgtest_main.a; sourceTree = "<group>"; };
		F7E0135D23A676A00097F25C /* libgtest.a */ = {isa = PBXFileReference; lastKnownFileType = archive.ar; name = libgtest.a; path = External/googletest/mybuild/lib/libgtest.a; sourceTree = "<group>"; };
		F7E0135E23A676A00097F25C /* libgmock.a */ = {isa = PBXFileReference; lastKnownFileType = archive.ar; name = libgmock.a; path = External/googletest/mybuild/lib/libgmock.a; sourceTree = "<group>"; };
		F7E0136323A6B2B90097F25C /* ZTestMath.h */ = {isa = PBXFileReference; lastKnownFileType = sourcecode.c.h; path = ZTestMath.h; sourceTree = "<group>"; };
/* End PBXFileReference section */

/* Begin PBXFrameworksBuildPhase section */
		F743EE7D2396E3EF0025492C /* Frameworks */ = {
			isa = PBXFrameworksBuildPhase;
			buildActionMask = 2147483647;
			files = (
				F743F26E2396F0530025492C /* CoreVideo.framework in Frameworks */,
				F743F26D2396F0130025492C /* IOKit.framework in Frameworks */,
				F743F26C2396EFFC0025492C /* Cocoa.framework in Frameworks */,
				F743F26B2396ED750025492C /* libglfw3.a in Frameworks */,
				F743F2602396E4DF0025492C /* OpenGL.framework in Frameworks */,
				F7199503239BE8A0009314C3 /* libfreetype.a in Frameworks */,
			);
			runOnlyForDeploymentPostprocessing = 0;
		};
		F7E0135123A6761B0097F25C /* Frameworks */ = {
			isa = PBXFrameworksBuildPhase;
			buildActionMask = 2147483647;
			files = (
				F7E0136123A676B60097F25C /* libgtest_main.a in Frameworks */,
				F7E0135F23A676B60097F25C /* libgmock_main.a in Frameworks */,
				F7E0136023A676B60097F25C /* libgmock.a in Frameworks */,
				F7E0136223A676B60097F25C /* libgtest.a in Frameworks */,
			);
			runOnlyForDeploymentPostprocessing = 0;
		};
/* End PBXFrameworksBuildPhase section */

/* Begin PBXGroup section */
		F719950B239BF208009314C3 /* Sandbox */ = {
			isa = PBXGroup;
			children = (
				F719950D239BF30D009314C3 /* Examples */,
				F719950C239BF29C009314C3 /* ISandbox.h */,
				F719950F239BF47E009314C3 /* ZSandbox.h */,
				F7199510239BF58D009314C3 /* ZSandbox.cpp */,
			);
			path = Sandbox;
			sourceTree = "<group>";
		};
		F719950D239BF30D009314C3 /* Examples */ = {
			isa = PBXGroup;
			children = (
				F72C96AB2436450B00146D4C /* Camera */,
				F72C96A32435E6C100146D4C /* Projection */,
				F72C969E2435E65600146D4C /* Transform */,
				F7199526239D2E0A009314C3 /* ColorInterpolation */,
				F7199525239D2D8D009314C3 /* Color */,
				F719951E239D0F44009314C3 /* Triangle */,
			);
			path = Examples;
			sourceTree = "<group>";
		};
		F7199513239CE2ED009314C3 /* GL */ = {
			isa = PBXGroup;
			children = (
				F7199514239CE312009314C3 /* ZShaderGL.h */,
				F7199515239CE382009314C3 /* ZShaderGL.cpp */,
				F73245A5256D203A00887E29 /* ZGL_Types.h */,
			);
			path = GL;
			sourceTree = "<group>";
		};
		F7199517239CE4CD009314C3 /* Utils */ = {
			isa = PBXGroup;
			children = (
				F7199518239CE4E6009314C3 /* ZType.h */,
				F7199519239CE538009314C3 /* ZDebug.h */,
			);
			path = Utils;
			sourceTree = "<group>";
		};
		F719951A239D0E63009314C3 /* IO */ = {
			isa = PBXGroup;
			children = (
				F719951B239D0E79009314C3 /* ZFileLoader.h */,
				F719951C239D0EDF009314C3 /* ZFileLoader.cpp */,
			);
			path = IO;
			sourceTree = "<group>";
		};
		F719951E239D0F44009314C3 /* Triangle */ = {
			isa = PBXGroup;
			children = (
				F719951F239D0F59009314C3 /* GLSL */,
				F719950E239BF351009314C3 /* zen_example_triangle.h */,
			);
			path = Triangle;
			sourceTree = "<group>";
		};
		F719951F239D0F59009314C3 /* GLSL */ = {
			isa = PBXGroup;
			children = (
				F7199520239D0FB5009314C3 /* triangle.vert */,
				F7199521239D0FC2009314C3 /* triangle.frag */,
			);
			path = GLSL;
			sourceTree = "<group>";
		};
		F7199522239D1B24009314C3 /* Math */ = {
			isa = PBXGroup;
			children = (
				F719953623A66C9A009314C3 /* ZMath.h */,
				F72C96A92436070A00146D4C /* ZMath.cpp */,
				F73245A6256D49EF00887E29 /* ZMath_types.h */,
			);
			path = Math;
			sourceTree = "<group>";
		};
		F7199525239D2D8D009314C3 /* Color */ = {
			isa = PBXGroup;
			children = (
				F7199512239C0919009314C3 /* zen_example_color.h */,
			);
			path = Color;
			sourceTree = "<group>";
		};
		F7199526239D2E0A009314C3 /* ColorInterpolation */ = {
			isa = PBXGroup;
			children = (
				F7199527239D2E1E009314C3 /* GLSL */,
				F7199528239D2E3A009314C3 /* zen_example_color_interpolation.h */,
			);
			path = ColorInterpolation;
			sourceTree = "<group>";
		};
		F7199527239D2E1E009314C3 /* GLSL */ = {
			isa = PBXGroup;
			children = (
				F7199529239D2FAD009314C3 /* triangle.vert */,
				F719952A239D2FBC009314C3 /* triangle.frag */,
			);
			path = GLSL;
			sourceTree = "<group>";
		};
		F72C969E2435E65600146D4C /* Transform */ = {
			isa = PBXGroup;
			children = (
				F72C96A02435E65600146D4C /* GLSL */,
				F72C969F2435E65600146D4C /* zen_example_transform.h */,
			);
			path = Transform;
			sourceTree = "<group>";
		};
		F72C96A02435E65600146D4C /* GLSL */ = {
			isa = PBXGroup;
			children = (
				F72C96A12435E65600146D4C /* translation.vert */,
				F72C96A22435E65600146D4C /* translation.frag */,
			);
			path = GLSL;
			sourceTree = "<group>";
		};
		F72C96A32435E6C100146D4C /* Projection */ = {
			isa = PBXGroup;
			children = (
				F72C96A42435E6E900146D4C /* GLSL */,
				F72C96A52435E6F500146D4C /* zen_example_projection.h */,
			);
			path = Projection;
			sourceTree = "<group>";
		};
		F72C96A42435E6E900146D4C /* GLSL */ = {
			isa = PBXGroup;
			children = (
				F72C96A62435E72100146D4C /* projection.vert */,
				F72C96A72435E72F00146D4C /* projection.frag */,
			);
			path = GLSL;
			sourceTree = "<group>";
		};
		F72C96AB2436450B00146D4C /* Camera */ = {
			isa = PBXGroup;
			children = (
				F72C96AC2436451900146D4C /* GLSL */,
				F72C96AD2436452A00146D4C /* zen_example_camera.h */,
			);
			path = Camera;
			sourceTree = "<group>";
		};
		F72C96AC2436451900146D4C /* GLSL */ = {
			isa = PBXGroup;
			children = (
				F72C96AE2436454900146D4C /* camera.vert */,
				F72C96AF2436455A00146D4C /* camera.frag */,
			);
			path = GLSL;
			sourceTree = "<group>";
		};
		F73245A4256D200800887E29 /* Graphics */ = {
			isa = PBXGroup;
			children = (
				F7199513239CE2ED009314C3 /* GL */,
			);
			path = Graphics;
			sourceTree = "<group>";
		};
		F738A82E249BB90A00F7A972 /* ZAlgo */ = {
			isa = PBXGroup;
			children = (
				F738A82F249BB92400F7A972 /* ZSort.h */,
				F78988C1249F41CB0032F6C6 /* ZSearch.h */,
			);
			path = ZAlgo;
			sourceTree = "<group>";
		};
		F743EE772396E3EF0025492C = {
			isa = PBXGroup;
			children = (
				F7199504239BEA23009314C3 /* Zen.entitlements */,
				F743F2632396E9DB0025492C /* glad.c */,
				F743F26F239BDF760025492C /* imgui */,
				F743EE822396E3EF0025492C /* Src */,
				F7E0135523A6761B0097F25C /* ZenTest */,
				F743EE812396E3EF0025492C /* Products */,
				F743F25E2396E4DF0025492C /* Frameworks */,
			);
			sourceTree = "<group>";
		};
		F743EE812396E3EF0025492C /* Products */ = {
			isa = PBXGroup;
			children = (
				F743EE802396E3EF0025492C /* Zen */,
				F7E0135423A6761B0097F25C /* ZenTest */,
			);
			name = Products;
			sourceTree = "<group>";
		};
		F743EE822396E3EF0025492C /* Src */ = {
			isa = PBXGroup;
			children = (
				F73245A4256D200800887E29 /* Graphics */,
				F738A82E249BB90A00F7A972 /* ZAlgo */,
				F7199522239D1B24009314C3 /* Math */,
				F719951A239D0E63009314C3 /* IO */,
				F7199517239CE4CD009314C3 /* Utils */,
				F719950B239BF208009314C3 /* Sandbox */,
				F743EE832396E3EF0025492C /* main.cpp */,
			);
			path = Src;
			sourceTree = "<group>";
		};
		F743F25E2396E4DF0025492C /* Frameworks */ = {
			isa = PBXGroup;
			children = (
				F7E0135B23A676A00097F25C /* libgmock_main.a */,
				F7E0135E23A676A00097F25C /* libgmock.a */,
				F7E0135C23A676A00097F25C /* libgtest_main.a */,
				F7E0135D23A676A00097F25C /* libgtest.a */,
				F71994FF239BE85A009314C3 /* libfreetype.dylib */,
				F71994FD239BE4CD009314C3 /* libfreetype.a */,
				F743F2692396ED320025492C /* IOKit.framework */,
				F743F2672396ED1B0025492C /* CoreVideo.framework */,
				F743F2652396ED0A0025492C /* Cocoa.framework */,
				F743F2612396E7C00025492C /* libglfw3.a */,
				F743F25F2396E4DF0025492C /* OpenGL.framework */,
			);
			name = Frameworks;
			sourceTree = "<group>";
		};
		F743F26F239BDF760025492C /* imgui */ = {
			isa = PBXGroup;
			children = (
				F7199509239BEB90009314C3 /* imgui_impl_opengl3.cpp */,
				F7199508239BEB88009314C3 /* imgui_impl_opengl3.h */,
				F7199507239BEB19009314C3 /* imgui_impl_glfw.h */,
				F7199505239BEB11009314C3 /* imgui_impl_glfw.cpp */,
				F743F270239BDF760025492C /* misc */,
				F743F285239BDF760025492C /* imgui.h */,
				F743F286239BDF760025492C /* imstb_textedit.h */,
				F743F287239BDF760025492C /* imconfig.h */,
				F743F288239BDF760025492C /* imgui_widgets.cpp */,
				F743F289239BDF760025492C /* imstb_truetype.h */,
				F743F28A239BDF760025492C /* docs */,
				F743F290239BDF760025492C /* .editorconfig */,
				F743F291239BDF760025492C /* imgui.cpp */,
				F743F342239BDF770025492C /* imgui_internal.h */,
				F743F343239BDF770025492C /* .github */,
				F743F348239BDF770025492C /* .gitattributes */,
				F743F349239BDF770025492C /* imstb_rectpack.h */,
				F743F34A239BDF770025492C /* LICENSE.txt */,
				F743F34B239BDF770025492C /* imgui_demo.cpp */,
				F743F34C239BDF770025492C /* imgui_draw.cpp */,
			);
			name = imgui;
			path = External/imgui;
			sourceTree = "<group>";
		};
		F743F270239BDF760025492C /* misc */ = {
			isa = PBXGroup;
			children = (
				F743F271239BDF760025492C /* freetype */,
				F743F275239BDF760025492C /* natvis */,
				F743F278239BDF760025492C /* cpp */,
				F743F27C239BDF760025492C /* README.txt */,
				F743F27D239BDF760025492C /* fonts */,
			);
			path = misc;
			sourceTree = "<group>";
		};
		F743F271239BDF760025492C /* freetype */ = {
			isa = PBXGroup;
			children = (
				F743F272239BDF760025492C /* imgui_freetype.h */,
				F743F273239BDF760025492C /* imgui_freetype.cpp */,
				F743F274239BDF760025492C /* README.md */,
			);
			path = freetype;
			sourceTree = "<group>";
		};
		F743F275239BDF760025492C /* natvis */ = {
			isa = PBXGroup;
			children = (
				F743F276239BDF760025492C /* README.txt */,
				F743F277239BDF760025492C /* imgui.natvis */,
			);
			path = natvis;
			sourceTree = "<group>";
		};
		F743F278239BDF760025492C /* cpp */ = {
			isa = PBXGroup;
			children = (
				F743F279239BDF760025492C /* imgui_stdlib.h */,
				F743F27A239BDF760025492C /* README.txt */,
				F743F27B239BDF760025492C /* imgui_stdlib.cpp */,
			);
			path = cpp;
			sourceTree = "<group>";
		};
		F743F27D239BDF760025492C /* fonts */ = {
			isa = PBXGroup;
			children = (
				F743F27E239BDF760025492C /* Roboto-Medium.ttf */,
				F743F27F239BDF760025492C /* DroidSans.ttf */,
				F743F280239BDF760025492C /* ProggyTiny.ttf */,
				F743F281239BDF760025492C /* ProggyClean.ttf */,
				F743F282239BDF760025492C /* Cousine-Regular.ttf */,
				F743F283239BDF760025492C /* Karla-Regular.ttf */,
				F743F284239BDF760025492C /* binary_to_compressed_c.cpp */,
			);
			path = fonts;
			sourceTree = "<group>";
		};
		F743F28A239BDF760025492C /* docs */ = {
			isa = PBXGroup;
			children = (
				F743F28B239BDF760025492C /* TODO.txt */,
				F743F28C239BDF760025492C /* FAQ.md */,
				F743F28D239BDF760025492C /* README.md */,
				F743F28E239BDF760025492C /* CHANGELOG.txt */,
				F743F28F239BDF760025492C /* FONTS.txt */,
			);
			path = docs;
			sourceTree = "<group>";
		};
		F743F343239BDF770025492C /* .github */ = {
			isa = PBXGroup;
			children = (
				F743F344239BDF770025492C /* workflows */,
				F743F346239BDF770025492C /* pull_request_template.md */,
				F743F347239BDF770025492C /* issue_template.md */,
			);
			path = .github;
			sourceTree = "<group>";
		};
		F743F344239BDF770025492C /* workflows */ = {
			isa = PBXGroup;
			children = (
				F743F345239BDF770025492C /* build.yml */,
			);
			path = workflows;
			sourceTree = "<group>";
		};
		F7E0135523A6761B0097F25C /* ZenTest */ = {
			isa = PBXGroup;
			children = (
				F7E0135623A6761B0097F25C /* main.cpp */,
				F7E0136323A6B2B90097F25C /* ZTestMath.h */,
				F738A832249BBB0E00F7A972 /* ZTestAlgo.h */,
			);
			path = ZenTest;
			sourceTree = "<group>";
		};
/* End PBXGroup section */

/* Begin PBXNativeTarget section */
		F743EE7F2396E3EF0025492C /* Zen */ = {
			isa = PBXNativeTarget;
			buildConfigurationList = F743EE872396E3EF0025492C /* Build configuration list for PBXNativeTarget "Zen" */;
			buildPhases = (
				F743EE7C2396E3EF0025492C /* Sources */,
				F743EE7D2396E3EF0025492C /* Frameworks */,
				F743EE7E2396E3EF0025492C /* Copy Files */,
			);
			buildRules = (
			);
			dependencies = (
			);
			name = Zen;
			productName = Zen;
			productReference = F743EE802396E3EF0025492C /* Zen */;
			productType = "com.apple.product-type.tool";
		};
		F7E0135323A6761B0097F25C /* ZenTest */ = {
			isa = PBXNativeTarget;
			buildConfigurationList = F7E0135A23A6761B0097F25C /* Build configuration list for PBXNativeTarget "ZenTest" */;
			buildPhases = (
				F7E0135023A6761B0097F25C /* Sources */,
				F7E0135123A6761B0097F25C /* Frameworks */,
				F7E0135223A6761B0097F25C /* CopyFiles */,
			);
			buildRules = (
			);
			dependencies = (
			);
			name = ZenTest;
			productName = ZenTest;
			productReference = F7E0135423A6761B0097F25C /* ZenTest */;
			productType = "com.apple.product-type.tool";
		};
/* End PBXNativeTarget section */

/* Begin PBXProject section */
		F743EE782396E3EF0025492C /* Project object */ = {
			isa = PBXProject;
			attributes = {
				LastUpgradeCheck = 1110;
				ORGANIZATIONNAME = company;
				TargetAttributes = {
					F743EE7F2396E3EF0025492C = {
						CreatedOnToolsVersion = 11.1;
					};
					F7E0135323A6761B0097F25C = {
						CreatedOnToolsVersion = 11.1;
					};
				};
			};
			buildConfigurationList = F743EE7B2396E3EF0025492C /* Build configuration list for PBXProject "Zen" */;
			compatibilityVersion = "Xcode 9.3";
			developmentRegion = en;
			hasScannedForEncodings = 0;
			knownRegions = (
				en,
				Base,
			);
			mainGroup = F743EE772396E3EF0025492C;
			productRefGroup = F743EE812396E3EF0025492C /* Products */;
			projectDirPath = "";
			projectRoot = "";
			targets = (
				F743EE7F2396E3EF0025492C /* Zen */,
				F7E0135323A6761B0097F25C /* ZenTest */,
			);
		};
/* End PBXProject section */

/* Begin PBXSourcesBuildPhase section */
		F743EE7C2396E3EF0025492C /* Sources */ = {
			isa = PBXSourcesBuildPhase;
			buildActionMask = 2147483647;
			files = (
				F72C96AA2436070A00146D4C /* ZMath.cpp in Sources */,
				F719951D239D0EDF009314C3 /* ZFileLoader.cpp in Sources */,
				F743EE842396E3EF0025492C /* main.cpp in Sources */,
				F743F359239BDF770025492C /* imgui_widgets.cpp in Sources */,
				F7199516239CE382009314C3 /* ZShaderGL.cpp in Sources */,
				F719950A239BEB90009314C3 /* imgui_impl_opengl3.cpp in Sources */,
				F7199506239BEB11009314C3 /* imgui_impl_glfw.cpp in Sources */,
				F743F357239BDF770025492C /* imgui_stdlib.cpp in Sources */,
				F743F356239BDF770025492C /* imgui_freetype.cpp in Sources */,
				F743F35A239BDF770025492C /* imgui.cpp in Sources */,
				F7199511239BF58D009314C3 /* ZSandbox.cpp in Sources */,
				F743F38E239BDF770025492C /* imgui_draw.cpp in Sources */,
				F743F2642396E9DB0025492C /* glad.c in Sources */,
				F743F38D239BDF770025492C /* imgui_demo.cpp in Sources */,
			);
			runOnlyForDeploymentPostprocessing = 0;
		};
		F7E0135023A6761B0097F25C /* Sources */ = {
			isa = PBXSourcesBuildPhase;
			buildActionMask = 2147483647;
			files = (
				F7E0135723A6761B0097F25C /* main.cpp in Sources */,
			);
			runOnlyForDeploymentPostprocessing = 0;
		};
/* End PBXSourcesBuildPhase section */

/* Begin XCBuildConfiguration section */
		F743EE852396E3EF0025492C /* Debug */ = {
			isa = XCBuildConfiguration;
			buildSettings = {
				ALWAYS_SEARCH_USER_PATHS = NO;
				CLANG_ANALYZER_NONNULL = YES;
				CLANG_ANALYZER_NUMBER_OBJECT_CONVERSION = YES_AGGRESSIVE;
				CLANG_CXX_LANGUAGE_STANDARD = "gnu++14";
				CLANG_CXX_LIBRARY = "libc++";
				CLANG_ENABLE_MODULES = YES;
				CLANG_ENABLE_OBJC_ARC = YES;
				CLANG_ENABLE_OBJC_WEAK = YES;
				CLANG_WARN_BLOCK_CAPTURE_AUTORELEASING = YES;
				CLANG_WARN_BOOL_CONVERSION = YES;
				CLANG_WARN_COMMA = YES;
				CLANG_WARN_CONSTANT_CONVERSION = YES;
				CLANG_WARN_DEPRECATED_OBJC_IMPLEMENTATIONS = YES;
				CLANG_WARN_DIRECT_OBJC_ISA_USAGE = YES_ERROR;
				CLANG_WARN_DOCUMENTATION_COMMENTS = YES;
				CLANG_WARN_EMPTY_BODY = YES;
				CLANG_WARN_ENUM_CONVERSION = YES;
				CLANG_WARN_INFINITE_RECURSION = YES;
				CLANG_WARN_INT_CONVERSION = YES;
				CLANG_WARN_NON_LITERAL_NULL_CONVERSION = YES;
				CLANG_WARN_OBJC_IMPLICIT_RETAIN_SELF = YES;
				CLANG_WARN_OBJC_LITERAL_CONVERSION = YES;
				CLANG_WARN_OBJC_ROOT_CLASS = YES_ERROR;
				CLANG_WARN_RANGE_LOOP_ANALYSIS = YES;
				CLANG_WARN_STRICT_PROTOTYPES = YES;
				CLANG_WARN_SUSPICIOUS_MOVE = YES;
				CLANG_WARN_UNGUARDED_AVAILABILITY = YES_AGGRESSIVE;
				CLANG_WARN_UNREACHABLE_CODE = YES;
				CLANG_WARN__DUPLICATE_METHOD_MATCH = YES;
				COPY_PHASE_STRIP = NO;
				DEBUG_INFORMATION_FORMAT = dwarf;
				ENABLE_STRICT_OBJC_MSGSEND = YES;
				ENABLE_TESTABILITY = YES;
				GCC_C_LANGUAGE_STANDARD = gnu11;
				GCC_DYNAMIC_NO_PIC = NO;
				GCC_NO_COMMON_BLOCKS = YES;
				GCC_OPTIMIZATION_LEVEL = 0;
				GCC_PREPROCESSOR_DEFINITIONS = (
					"DEBUG=1",
					"$(inherited)",
				);
				GCC_WARN_64_TO_32_BIT_CONVERSION = YES;
				GCC_WARN_ABOUT_RETURN_TYPE = YES_ERROR;
				GCC_WARN_UNDECLARED_SELECTOR = YES;
				GCC_WARN_UNINITIALIZED_AUTOS = YES_AGGRESSIVE;
				GCC_WARN_UNUSED_FUNCTION = YES;
				GCC_WARN_UNUSED_VARIABLE = YES;
				MACOSX_DEPLOYMENT_TARGET = 10.14;
				MTL_ENABLE_DEBUG_INFO = INCLUDE_SOURCE;
				MTL_FAST_MATH = YES;
				ONLY_ACTIVE_ARCH = YES;
				SDKROOT = macosx;
			};
			name = Debug;
		};
		F743EE862396E3EF0025492C /* Release */ = {
			isa = XCBuildConfiguration;
			buildSettings = {
				ALWAYS_SEARCH_USER_PATHS = NO;
				CLANG_ANALYZER_NONNULL = YES;
				CLANG_ANALYZER_NUMBER_OBJECT_CONVERSION = YES_AGGRESSIVE;
				CLANG_CXX_LANGUAGE_STANDARD = "gnu++14";
				CLANG_CXX_LIBRARY = "libc++";
				CLANG_ENABLE_MODULES = YES;
				CLANG_ENABLE_OBJC_ARC = YES;
				CLANG_ENABLE_OBJC_WEAK = YES;
				CLANG_WARN_BLOCK_CAPTURE_AUTORELEASING = YES;
				CLANG_WARN_BOOL_CONVERSION = YES;
				CLANG_WARN_COMMA = YES;
				CLANG_WARN_CONSTANT_CONVERSION = YES;
				CLANG_WARN_DEPRECATED_OBJC_IMPLEMENTATIONS = YES;
				CLANG_WARN_DIRECT_OBJC_ISA_USAGE = YES_ERROR;
				CLANG_WARN_DOCUMENTATION_COMMENTS = YES;
				CLANG_WARN_EMPTY_BODY = YES;
				CLANG_WARN_ENUM_CONVERSION = YES;
				CLANG_WARN_INFINITE_RECURSION = YES;
				CLANG_WARN_INT_CONVERSION = YES;
				CLANG_WARN_NON_LITERAL_NULL_CONVERSION = YES;
				CLANG_WARN_OBJC_IMPLICIT_RETAIN_SELF = YES;
				CLANG_WARN_OBJC_LITERAL_CONVERSION = YES;
				CLANG_WARN_OBJC_ROOT_CLASS = YES_ERROR;
				CLANG_WARN_RANGE_LOOP_ANALYSIS = YES;
				CLANG_WARN_STRICT_PROTOTYPES = YES;
				CLANG_WARN_SUSPICIOUS_MOVE = YES;
				CLANG_WARN_UNGUARDED_AVAILABILITY = YES_AGGRESSIVE;
				CLANG_WARN_UNREACHABLE_CODE = YES;
				CLANG_WARN__DUPLICATE_METHOD_MATCH = YES;
				COPY_PHASE_STRIP = NO;
				DEBUG_INFORMATION_FORMAT = "dwarf-with-dsym";
				ENABLE_NS_ASSERTIONS = NO;
				ENABLE_STRICT_OBJC_MSGSEND = YES;
				GCC_C_LANGUAGE_STANDARD = gnu11;
				GCC_NO_COMMON_BLOCKS = YES;
				GCC_WARN_64_TO_32_BIT_CONVERSION = YES;
				GCC_WARN_ABOUT_RETURN_TYPE = YES_ERROR;
				GCC_WARN_UNDECLARED_SELECTOR = YES;
				GCC_WARN_UNINITIALIZED_AUTOS = YES_AGGRESSIVE;
				GCC_WARN_UNUSED_FUNCTION = YES;
				GCC_WARN_UNUSED_VARIABLE = YES;
				MACOSX_DEPLOYMENT_TARGET = 10.14;
				MTL_ENABLE_DEBUG_INFO = NO;
				MTL_FAST_MATH = YES;
				SDKROOT = macosx;
			};
			name = Release;
		};
		F743EE882396E3EF0025492C /* Debug */ = {
			isa = XCBuildConfiguration;
			buildSettings = {
				CLANG_CXX_LANGUAGE_STANDARD = "c++14";
				CODE_SIGN_ENTITLEMENTS = Zen.entitlements;
				CODE_SIGN_STYLE = Automatic;
				DEVELOPMENT_TEAM = JQGA96MW59;
				ENABLE_HARDENED_RUNTIME = YES;
				HEADER_SEARCH_PATHS = (
					/usr/local/include,
					/Users/iljajurchenko/Dev/Zen/External/glad/include,
					/usr/local/Cellar/freetype/2.10.1/include/freetype2,
				);
				LIBRARY_SEARCH_PATHS = (
					/usr/local/lib,
					"$(PROJECT_DIR)/External/imgui/examples/libs/glfw/lib-vc2010-64",
					"$(PROJECT_DIR)/External/imgui/examples/libs/glfw/lib-vc2010-32",
				);
				PRODUCT_NAME = "$(TARGET_NAME)";
				USER_HEADER_SEARCH_PATHS = $SRCROOT/Src;
			};
			name = Debug;
		};
		F743EE892396E3EF0025492C /* Release */ = {
			isa = XCBuildConfiguration;
			buildSettings = {
				CLANG_CXX_LANGUAGE_STANDARD = "c++14";
				CODE_SIGN_ENTITLEMENTS = Zen.entitlements;
				CODE_SIGN_STYLE = Automatic;
				DEVELOPMENT_TEAM = JQGA96MW59;
				ENABLE_HARDENED_RUNTIME = YES;
				HEADER_SEARCH_PATHS = (
					/usr/local/include,
					/Users/iljajurchenko/Dev/Zen/External/glad/include,
					/usr/local/Cellar/freetype/2.10.1/include/freetype2,
				);
				LIBRARY_SEARCH_PATHS = (
					/usr/local/lib,
					"$(PROJECT_DIR)/External/imgui/examples/libs/glfw/lib-vc2010-64",
					"$(PROJECT_DIR)/External/imgui/examples/libs/glfw/lib-vc2010-32",
				);
				PRODUCT_NAME = "$(TARGET_NAME)";
				USER_HEADER_SEARCH_PATHS = $SRCROOT/Src;
			};
			name = Release;
		};
		F7E0135823A6761B0097F25C /* Debug */ = {
			isa = XCBuildConfiguration;
			buildSettings = {
				CODE_SIGN_STYLE = Automatic;
				DEVELOPMENT_TEAM = JQGA96MW59;
				ENABLE_HARDENED_RUNTIME = YES;
				HEADER_SEARCH_PATHS = (
					/Users/iljajurchenko/Dev/Zen/External/googletest/googlemock/include,
					/Users/iljajurchenko/Dev/Zen/External/googletest/googletest/include,
					/Users/iljajurchenko/Dev/Zen/Src,
				);
				LIBRARY_SEARCH_PATHS = (
					"$(inherited)",
					"$(PROJECT_DIR)/External/googletest/mybuild/lib",
				);
				PRODUCT_NAME = "$(TARGET_NAME)";
			};
			name = Debug;
		};
		F7E0135923A6761B0097F25C /* Release */ = {
			isa = XCBuildConfiguration;
			buildSettings = {
				CODE_SIGN_STYLE = Automatic;
				DEVELOPMENT_TEAM = JQGA96MW59;
				ENABLE_HARDENED_RUNTIME = YES;
				HEADER_SEARCH_PATHS = (
					/Users/iljajurchenko/Dev/Zen/External/googletest/googlemock/include,
					/Users/iljajurchenko/Dev/Zen/External/googletest/googletest/include,
					/Users/iljajurchenko/Dev/Zen/Src,
				);
				LIBRARY_SEARCH_PATHS = (
					"$(inherited)",
					"$(PROJECT_DIR)/External/googletest/mybuild/lib",
				);
				PRODUCT_NAME = "$(TARGET_NAME)";
			};
			name = Release;
		};
/* End XCBuildConfiguration section */

/* Begin XCConfigurationList section */
		F743EE7B2396E3EF0025492C /* Build configuration list for PBXProject "Zen" */ = {
			isa = XCConfigurationList;
			buildConfigurations = (
				F743EE852396E3EF0025492C /* Debug */,
				F743EE862396E3EF0025492C /* Release */,
			);
			defaultConfigurationIsVisible = 0;
			defaultConfigurationName = Release;
		};
		F743EE872396E3EF0025492C /* Build configuration list for PBXNativeTarget "Zen" */ = {
			isa = XCConfigurationList;
			buildConfigurations = (
				F743EE882396E3EF0025492C /* Debug */,
				F743EE892396E3EF0025492C /* Release */,
			);
			defaultConfigurationIsVisible = 0;
			defaultConfigurationName = Release;
		};
		F7E0135A23A6761B0097F25C /* Build configuration list for PBXNativeTarget "ZenTest" */ = {
			isa = XCConfigurationList;
			buildConfigurations = (
				F7E0135823A6761B0097F25C /* Debug */,
				F7E0135923A6761B0097F25C /* Release */,
			);
			defaultConfigurationIsVisible = 0;
			defaultConfigurationName = Release;
		};
/* End XCConfigurationList section */
	};
	rootObject = F743EE782396E3EF0025492C /* Project object */;
}
